// !$*UTF8*$!
{
	archiveVersion = 1;
	classes = {
	};
	objectVersion = 55;
	objects = {

/* Begin PBXBuildFile section */
		C4FED0CD2858B918009A6427 /* H4XOR_SwiftUIApp.swift in Sources */ = {isa = PBXBuildFile; fileRef = C4FED0CC2858B918009A6427 /* H4XOR_SwiftUIApp.swift */; };
		C4FED0CF2858B918009A6427 /* ContentView.swift in Sources */ = {isa = PBXBuildFile; fileRef = C4FED0CE2858B918009A6427 /* ContentView.swift */; };
		C4FED0D12858B91C009A6427 /* Assets.xcassets in Resources */ = {isa = PBXBuildFile; fileRef = C4FED0D02858B91C009A6427 /* Assets.xcassets */; };
		C4FED0D42858B91C009A6427 /* Preview Assets.xcassets in Resources */ = {isa = PBXBuildFile; fileRef = C4FED0D32858B91C009A6427 /* Preview Assets.xcassets */; };
		C4FED0DE2858B9E9009A6427 /* NetworkManager.swift in Sources */ = {isa = PBXBuildFile; fileRef = C4FED0DD2858B9E9009A6427 /* NetworkManager.swift */; };
		C4FED0E12858BA63009A6427 /* Constants.swift in Sources */ = {isa = PBXBuildFile; fileRef = C4FED0E02858BA63009A6427 /* Constants.swift */; };
		C4FED0E32858BB45009A6427 /* PostData.swift in Sources */ = {isa = PBXBuildFile; fileRef = C4FED0E22858BB45009A6427 /* PostData.swift */; };
		C4FED0E52858D4FB009A6427 /* DetailView.swift in Sources */ = {isa = PBXBuildFile; fileRef = C4FED0E42858D4FB009A6427 /* DetailView.swift */; };
		C4FED0E72858D792009A6427 /* WebView.swift in Sources */ = {isa = PBXBuildFile; fileRef = C4FED0E62858D792009A6427 /* WebView.swift */; };
/* End PBXBuildFile section */

/* Begin PBXFileReference section */
		C4FED0C92858B918009A6427 /* H4XOR-SwiftUI.app */ = {isa = PBXFileReference; explicitFileType = wrapper.application; includeInIndex = 0; path = "H4XOR-SwiftUI.app"; sourceTree = BUILT_PRODUCTS_DIR; };
		C4FED0CC2858B918009A6427 /* H4XOR_SwiftUIApp.swift */ = {isa = PBXFileReference; lastKnownFileType = sourcecode.swift; path = H4XOR_SwiftUIApp.swift; sourceTree = "<group>"; };
		C4FED0CE2858B918009A6427 /* ContentView.swift */ = {isa = PBXFileReference; lastKnownFileType = sourcecode.swift; path = ContentView.swift; sourceTree = "<group>"; };
		C4FED0D02858B91C009A6427 /* Assets.xcassets */ = {isa = PBXFileReference; lastKnownFileType = folder.assetcatalog; path = Assets.xcassets; sourceTree = "<group>"; };
		C4FED0D32858B91C009A6427 /* Preview Assets.xcassets */ = {isa = PBXFileReference; lastKnownFileType = folder.assetcatalog; path = "Preview Assets.xcassets"; sourceTree = "<group>"; };
		C4FED0DD2858B9E9009A6427 /* NetworkManager.swift */ = {isa = PBXFileReference; lastKnownFileType = sourcecode.swift; path = NetworkManager.swift; sourceTree = "<group>"; };
		C4FED0E02858BA63009A6427 /* Constants.swift */ = {isa = PBXFileReference; lastKnownFileType = sourcecode.swift; path = Constants.swift; sourceTree = "<group>"; };
		C4FED0E22858BB45009A6427 /* PostData.swift */ = {isa = PBXFileReference; lastKnownFileType = sourcecode.swift; path = PostData.swift; sourceTree = "<group>"; };
		C4FED0E42858D4FB009A6427 /* DetailView.swift */ = {isa = PBXFileReference; lastKnownFileType = sourcecode.swift; path = DetailView.swift; sourceTree = "<group>"; };
		C4FED0E62858D792009A6427 /* WebView.swift */ = {isa = PBXFileReference; lastKnownFileType = sourcecode.swift; path = WebView.swift; sourceTree = "<group>"; };
/* End PBXFileReference section */

/* Begin PBXFrameworksBuildPhase section */
		C4FED0C62858B918009A6427 /* Frameworks */ = {
			isa = PBXFrameworksBuildPhase;
			buildActionMask = 2147483647;
			files = (
			);
			runOnlyForDeploymentPostprocessing = 0;
		};
/* End PBXFrameworksBuildPhase section */

/* Begin PBXGroup section */
		C4FED0C02858B918009A6427 = {
			isa = PBXGroup;
			children = (
				C4FED0CB2858B918009A6427 /* H4XOR-SwiftUI */,
				C4FED0CA2858B918009A6427 /* Products */,
			);
			sourceTree = "<group>";
		};
		C4FED0CA2858B918009A6427 /* Products */ = {
			isa = PBXGroup;
			children = (
				C4FED0C92858B918009A6427 /* H4XOR-SwiftUI.app */,
			);
			name = Products;
			sourceTree = "<group>";
		};
		C4FED0CB2858B918009A6427 /* H4XOR-SwiftUI */ = {
			isa = PBXGroup;
			children = (
				C4FED0DF2858BA4F009A6427 /* Utility */,
				C4FED0DC2858B960009A6427 /* Model */,
				C4FED0DB2858B95B009A6427 /* View */,
				C4FED0DA2858B954009A6427 /* App */,
				C4FED0D02858B91C009A6427 /* Assets.xcassets */,
				C4FED0D22858B91C009A6427 /* Preview Content */,
			);
			path = "H4XOR-SwiftUI";
			sourceTree = "<group>";
		};
		C4FED0D22858B91C009A6427 /* Preview Content */ = {
			isa = PBXGroup;
			children = (
				C4FED0D32858B91C009A6427 /* Preview Assets.xcassets */,
			);
			path = "Preview Content";
			sourceTree = "<group>";
		};
		C4FED0DA2858B954009A6427 /* App */ = {
			isa = PBXGroup;
			children = (
				C4FED0CC2858B918009A6427 /* H4XOR_SwiftUIApp.swift */,
				C4FED0CE2858B918009A6427 /* ContentView.swift */,
				C4FED0E42858D4FB009A6427 /* DetailView.swift */,
			);
			path = App;
			sourceTree = "<group>";
		};
		C4FED0DB2858B95B009A6427 /* View */ = {
			isa = PBXGroup;
			children = (
				C4FED0E62858D792009A6427 /* WebView.swift */,
			);
			path = View;
			sourceTree = "<group>";
		};
		C4FED0DC2858B960009A6427 /* Model */ = {
			isa = PBXGroup;
			children = (
				C4FED0DD2858B9E9009A6427 /* NetworkManager.swift */,
				C4FED0E22858BB45009A6427 /* PostData.swift */,
			);
			path = Model;
			sourceTree = "<group>";
		};
		C4FED0DF2858BA4F009A6427 /* Utility */ = {
			isa = PBXGroup;
			children = (
				C4FED0E02858BA63009A6427 /* Constants.swift */,
			);
			path = Utility;
			sourceTree = "<group>";
		};
/* End PBXGroup section */

/* Begin PBXNativeTarget section */
		C4FED0C82858B918009A6427 /* H4XOR-SwiftUI */ = {
			isa = PBXNativeTarget;
			buildConfigurationList = C4FED0D72858B91C009A6427 /* Build configuration list for PBXNativeTarget "H4XOR-SwiftUI" */;
			buildPhases = (
				C4FED0C52858B918009A6427 /* Sources */,
				C4FED0C62858B918009A6427 /* Frameworks */,
				C4FED0C72858B918009A6427 /* Resources */,
			);
			buildRules = (
			);
			dependencies = (
			);
			name = "H4XOR-SwiftUI";
			productName = "H4XOR-SwiftUI";
			productReference = C4FED0C92858B918009A6427 /* H4XOR-SwiftUI.app */;
			productType = "com.apple.product-type.application";
		};
/* End PBXNativeTarget section */

/* Begin PBXProject section */
		C4FED0C12858B918009A6427 /* Project object */ = {
			isa = PBXProject;
			attributes = {
				BuildIndependentTargetsInParallel = 1;
				LastSwiftUpdateCheck = 1340;
				LastUpgradeCheck = 1340;
				TargetAttributes = {
					C4FED0C82858B918009A6427 = {
						CreatedOnToolsVersion = 13.4.1;
					};
				};
			};
			buildConfigurationList = C4FED0C42858B918009A6427 /* Build configuration list for PBXProject "H4XOR-SwiftUI" */;
			compatibilityVersion = "Xcode 13.0";
			developmentRegion = en;
			hasScannedForEncodings = 0;
			knownRegions = (
				en,
				Base,
			);
			mainGroup = C4FED0C02858B918009A6427;
			productRefGroup = C4FED0CA2858B918009A6427 /* Products */;
			projectDirPath = "";
			projectRoot = "";
			targets = (
				C4FED0C82858B918009A6427 /* H4XOR-SwiftUI */,
			);
		};
/* End PBXProject section */

/* Begin PBXResourcesBuildPhase section */
		C4FED0C72858B918009A6427 /* Resources */ = {
			isa = PBXResourcesBuildPhase;
			buildActionMask = 2147483647;
			files = (
				C4FED0D42858B91C009A6427 /* Preview Assets.xcassets in Resources */,
				C4FED0D12858B91C009A6427 /* Assets.xcassets in Resources */,
			);
			runOnlyForDeploymentPostprocessing = 0;
		};
/* End PBXResourcesBuildPhase section */

/* Begin PBXSourcesBuildPhase section */
		C4FED0C52858B918009A6427 /* Sources */ = {
			isa = PBXSourcesBuildPhase;
			buildActionMask = 2147483647;
			files = (
				C4FED0E32858BB45009A6427 /* PostData.swift in Sources */,
				C4FED0E52858D4FB009A6427 /* DetailView.swift in Sources */,
				C4FED0DE2858B9E9009A6427 /* NetworkManager.swift in Sources */,
				C4FED0CF2858B918009A6427 /* ContentView.swift in Sources */,
				C4FED0CD2858B918009A6427 /* H4XOR_SwiftUIApp.swift in Sources */,
				C4FED0E12858BA63009A6427 /* Constants.swift in Sources */,
				C4FED0E72858D792009A6427 /* WebView.swift in Sources */,
			);
			runOnlyForDeploymentPostprocessing = 0;
		};
/* End PBXSourcesBuildPhase section */

/* Begin XCBuildConfiguration section */
		C4FED0D52858B91C009A6427 /* Debug */ = {
			isa = XCBuildConfiguration;
			buildSettings = {
				ALWAYS_SEARCH_USER_PATHS = NO;
				CLANG_ANALYZER_NONNULL = YES;
				CLANG_ANALYZER_NUMBER_OBJECT_CONVERSION = YES_AGGRESSIVE;
				CLANG_CXX_LANGUAGE_STANDARD = "gnu++17";
				CLANG_ENABLE_MODULES = YES;
				CLANG_ENABLE_OBJC_ARC = YES;
				CLANG_ENABLE_OBJC_WEAK = YES;
				CLANG_WARN_BLOCK_CAPTURE_AUTORELEASING = YES;
				CLANG_WARN_BOOL_CONVERSION = YES;
				CLANG_WARN_COMMA = YES;
				CLANG_WARN_CONSTANT_CONVERSION = YES;
				CLANG_WARN_DEPRECATED_OBJC_IMPLEMENTATIONS = YES;
				CLANG_WARN_DIRECT_OBJC_ISA_USAGE = YES_ERROR;
				CLANG_WARN_DOCUMENTATION_COMMENTS = YES;
				CLANG_WARN_EMPTY_BODY = YES;
				CLANG_WARN_ENUM_CONVERSION = YES;
				CLANG_WARN_INFINITE_RECURSION = YES;
				CLANG_WARN_INT_CONVERSION = YES;
				CLANG_WARN_NON_LITERAL_NULL_CONVERSION = YES;
				CLANG_WARN_OBJC_IMPLICIT_RETAIN_SELF = YES;
				CLANG_WARN_OBJC_LITERAL_CONVERSION = YES;
				CLANG_WARN_OBJC_ROOT_CLASS = YES_ERROR;
				CLANG_WARN_QUOTED_INCLUDE_IN_FRAMEWORK_HEADER = YES;
				CLANG_WARN_RANGE_LOOP_ANALYSIS = YES;
				CLANG_WARN_STRICT_PROTOTYPES = YES;
				CLANG_WARN_SUSPICIOUS_MOVE = YES;
				CLANG_WARN_UNGUARDED_AVAILABILITY = YES_AGGRESSIVE;
				CLANG_WARN_UNREACHABLE_CODE = YES;
				CLANG_WARN__DUPLICATE_METHOD_MATCH = YES;
				COPY_PHASE_STRIP = NO;
				DEBUG_INFORMATION_FORMAT = dwarf;
				ENABLE_STRICT_OBJC_MSGSEND = YES;
				ENABLE_TESTABILITY = YES;
				GCC_C_LANGUAGE_STANDARD = gnu11;
				GCC_DYNAMIC_NO_PIC = NO;
				GCC_NO_COMMON_BLOCKS = YES;
				GCC_OPTIMIZATION_LEVEL = 0;
				GCC_PREPROCESSOR_DEFINITIONS = (
					"DEBUG=1",
					"$(inherited)",
				);
				GCC_WARN_64_TO_32_BIT_CONVERSION = YES;
				GCC_WARN_ABOUT_RETURN_TYPE = YES_ERROR;
				GCC_WARN_UNDECLARED_SELECTOR = YES;
				GCC_WARN_UNINITIALIZED_AUTOS = YES_AGGRESSIVE;
				GCC_WARN_UNUSED_FUNCTION = YES;
				GCC_WARN_UNUSED_VARIABLE = YES;
				IPHONEOS_DEPLOYMENT_TARGET = 15.5;
				MTL_ENABLE_DEBUG_INFO = INCLUDE_SOURCE;
				MTL_FAST_MATH = YES;
				ONLY_ACTIVE_ARCH = YES;
				SDKROOT = iphoneos;
				SWIFT_ACTIVE_COMPILATION_CONDITIONS = DEBUG;
				SWIFT_OPTIMIZATION_LEVEL = "-Onone";
			};
			name = Debug;
		};
		C4FED0D62858B91C009A6427 /* Release */ = {
			isa = XCBuildConfiguration;
			buildSettings = {
				ALWAYS_SEARCH_USER_PATHS = NO;
				CLANG_ANALYZER_NONNULL = YES;
				CLANG_ANALYZER_NUMBER_OBJECT_CONVERSION = YES_AGGRESSIVE;
				CLANG_CXX_LANGUAGE_STANDARD = "gnu++17";
				CLANG_ENABLE_MODULES = YES;
				CLANG_ENABLE_OBJC_ARC = YES;
				CLANG_ENABLE_OBJC_WEAK = YES;
				CLANG_WARN_BLOCK_CAPTURE_AUTORELEASING = YES;
				CLANG_WARN_BOOL_CONVERSION = YES;
				CLANG_WARN_COMMA = YES;
				CLANG_WARN_CONSTANT_CONVERSION = YES;
				CLANG_WARN_DEPRECATED_OBJC_IMPLEMENTATIONS = YES;
				CLANG_WARN_DIRECT_OBJC_ISA_USAGE = YES_ERROR;
				CLANG_WARN_DOCUMENTATION_COMMENTS = YES;
				CLANG_WARN_EMPTY_BODY = YES;
				CLANG_WARN_ENUM_CONVERSION = YES;
				CLANG_WARN_INFINITE_RECURSION = YES;
				CLANG_WARN_INT_CONVERSION = YES;
				CLANG_WARN_NON_LITERAL_NULL_CONVERSION = YES;
				CLANG_WARN_OBJC_IMPLICIT_RETAIN_SELF = YES;
				CLANG_WARN_OBJC_LITERAL_CONVERSION = YES;
				CLANG_WARN_OBJC_ROOT_CLASS = YES_ERROR;
				CLANG_WARN_QUOTED_INCLUDE_IN_FRAMEWORK_HEADER = YES;
				CLANG_WARN_RANGE_LOOP_ANALYSIS = YES;
				CLANG_WARN_STRICT_PROTOTYPES = YES;
				CLANG_WARN_SUSPICIOUS_MOVE = YES;
				CLANG_WARN_UNGUARDED_AVAILABILITY = YES_AGGRESSIVE;
				CLANG_WARN_UNREACHABLE_CODE = YES;
				CLANG_WARN__DUPLICATE_METHOD_MATCH = YES;
				COPY_PHASE_STRIP = NO;
				DEBUG_INFORMATION_FORMAT = "dwarf-with-dsym";
				ENABLE_NS_ASSERTIONS = NO;
				ENABLE_STRICT_OBJC_MSGSEND = YES;
				GCC_C_LANGUAGE_STANDARD = gnu11;
				GCC_NO_COMMON_BLOCKS = YES;
				GCC_WARN_64_TO_32_BIT_CONVERSION = YES;
				GCC_WARN_ABOUT_RETURN_TYPE = YES_ERROR;
				GCC_WARN_UNDECLARED_SELECTOR = YES;
				GCC_WARN_UNINITIALIZED_AUTOS = YES_AGGRESSIVE;
				GCC_WARN_UNUSED_FUNCTION = YES;
				GCC_WARN_UNUSED_VARIABLE = YES;
				IPHONEOS_DEPLOYMENT_TARGET = 15.5;
				MTL_ENABLE_DEBUG_INFO = NO;
				MTL_FAST_MATH = YES;
				SDKROOT = iphoneos;
				SWIFT_COMPILATION_MODE = wholemodule;
				SWIFT_OPTIMIZATION_LEVEL = "-O";
				VALIDATE_PRODUCT = YES;
			};
			name = Release;
		};
		C4FED0D82858B91C009A6427 /* Debug */ = {
			isa = XCBuildConfiguration;
			buildSettings = {
				ASSETCATALOG_COMPILER_APPICON_NAME = AppIcon;
				ASSETCATALOG_COMPILER_GLOBAL_ACCENT_COLOR_NAME = AccentColor;
				CODE_SIGN_STYLE = Automatic;
				CURRENT_PROJECT_VERSION = 1;
				DEVELOPMENT_ASSET_PATHS = "\"H4XOR-SwiftUI/Preview Content\"";
				DEVELOPMENT_TEAM = 5XZHHC4623;
				ENABLE_PREVIEWS = YES;
				GENERATE_INFOPLIST_FILE = YES;
				INFOPLIST_KEY_UIApplicationSceneManifest_Generation = YES;
				INFOPLIST_KEY_UIApplicationSupportsIndirectInputEvents = YES;
				INFOPLIST_KEY_UILaunchScreen_Generation = YES;
				INFOPLIST_KEY_UISupportedInterfaceOrientations = UIInterfaceOrientationPortrait;
				INFOPLIST_KEY_UISupportedInterfaceOrientations_iPad = "UIInterfaceOrientationPortrait UIInterfaceOrientationPortraitUpsideDown UIInterfaceOrientationLandscapeLeft UIInterfaceOrientationLandscapeRight";
				INFOPLIST_KEY_UISupportedInterfaceOrientations_iPhone = UIInterfaceOrientationPortrait;
				INFOPLIST_KEY_UIUserInterfaceStyle = Light;
				LD_RUNPATH_SEARCH_PATHS = (
					"$(inherited)",
					"@executable_path/Frameworks",
				);
				MARKETING_VERSION = 1.0;
				PRODUCT_BUNDLE_IDENTIFIER = "com.hakkicansengonul.H4XOR-SwiftUI";
				PRODUCT_NAME = "$(TARGET_NAME)";
				SWIFT_EMIT_LOC_STRINGS = YES;
				SWIFT_VERSION = 5.0;
				TARGETED_DEVICE_FAMILY = 1;
			};
			name = Debug;
		};
		C4FED0D92858B91C009A6427 /* Release */ = {
			isa = XCBuildConfiguration;
			buildSettings = {
				ASSETCATALOG_COMPILER_APPICON_NAME = AppIcon;
				ASSETCATALOG_COMPILER_GLOBAL_ACCENT_COLOR_NAME = AccentColor;
				CODE_SIGN_STYLE = Automatic;
				CURRENT_PROJECT_VERSION = 1;
				DEVELOPMENT_ASSET_PATHS = "\"H4XOR-SwiftUI/Preview Content\"";
				DEVELOPMENT_TEAM = 5XZHHC4623;
				ENABLE_PREVIEWS = YES;
				GENERATE_INFOPLIST_FILE = YES;
				INFOPLIST_KEY_UIApplicationSceneManifest_Generation = YES;
				INFOPLIST_KEY_UIApplicationSupportsIndirectInputEvents = YES;
				INFOPLIST_KEY_UILaunchScreen_Generation = YES;
				INFOPLIST_KEY_UISupportedInterfaceOrientations = UIInterfaceOrientationPortrait;
				INFOPLIST_KEY_UISupportedInterfaceOrientations_iPad = "UIInterfaceOrientationPortrait UIInterfaceOrientationPortraitUpsideDown UIInterfaceOrientationLandscapeLeft UIInterfaceOrientationLandscapeRight";
				INFOPLIST_KEY_UISupportedInterfaceOrientations_iPhone = UIInterfaceOrientationPortrait;
				INFOPLIST_KEY_UIUserInterfaceStyle = Light;
				LD_RUNPATH_SEARCH_PATHS = (
					"$(inherited)",
					"@executable_path/Frameworks",
				);
				MARKETING_VERSION = 1.0;
				PRODUCT_BUNDLE_IDENTIFIER = "com.hakkicansengonul.H4XOR-SwiftUI";
				PRODUCT_NAME = "$(TARGET_NAME)";
				SWIFT_EMIT_LOC_STRINGS = YES;
				SWIFT_VERSION = 5.0;
				TARGETED_DEVICE_FAMILY = 1;
			};
			name = Release;
		};
/* End XCBuildConfiguration section */

/* Begin XCConfigurationList section */
		C4FED0C42858B918009A6427 /* Build configuration list for PBXProject "H4XOR-SwiftUI" */ = {
			isa = XCConfigurationList;
			buildConfigurations = (
				C4FED0D52858B91C009A6427 /* Debug */,
				C4FED0D62858B91C009A6427 /* Release */,
			);
			defaultConfigurationIsVisible = 0;
			defaultConfigurationName = Release;
		};
		C4FED0D72858B91C009A6427 /* Build configuration list for PBXNativeTarget "H4XOR-SwiftUI" */ = {
			isa = XCConfigurationList;
			buildConfigurations = (
				C4FED0D82858B91C009A6427 /* Debug */,
				C4FED0D92858B91C009A6427 /* Release */,
			);
			defaultConfigurationIsVisible = 0;
			defaultConfigurationName = Release;
		};
/* End XCConfigurationList section */
	};
	rootObject = C4FED0C12858B918009A6427 /* Project object */;
}
